
Microsoft Visual Studio Solution File, Format Version 12.00
# Visual Studio Version 17
VisualStudioVersion = 17.10.34916.146
MinimumVisualStudioVersion = 10.0.40219.1
Project("{FAE04EC0-301F-11D3-BF4B-00C04F79EFBC}") = "xp-client", "xp-client\xp-client.csproj", "{8460E349-536C-4487-8AC0-94EEE10A0E53}"
EndProject
Project("{FAE04EC0-301F-11D3-BF4B-00C04F79EFBC}") = "Parser", "Parser\Parser.csproj", "{AECBE896-E3F6-4177-AC4D-FDCB3E5B0310}"
EndProject
Project("{FAE04EC0-301F-11D3-BF4B-00C04F79EFBC}") = "RedisClient", "RedisClient\RedisClient.csproj", "{0A5120C4-1D54-4635-AA85-1B7F571A26C5}"
EndProject
Global
	GlobalSection(SolutionConfigurationPlatforms) = preSolution
		Debug|Any CPU = Debug|Any CPU
		Release|Any CPU = Release|Any CPU
	EndGlobalSection
	GlobalSection(ProjectConfigurationPlatforms) = postSolution
		{8460E349-536C-4487-8AC0-94EEE10A0E53}.Debug|Any CPU.ActiveCfg = Debug|Any CPU
		{8460E349-536C-4487-8AC0-94EEE10A0E53}.Debug|Any CPU.Build.0 = Debug|Any CPU
		{8460E349-536C-4487-8AC0-94EEE10A0E53}.Release|Any CPU.ActiveCfg = Release|Any CPU
		{8460E349-536C-4487-8AC0-94EEE10A0E53}.Release|Any CPU.Build.0 = Release|Any CPU
		{AECBE896-E3F6-4177-AC4D-FDCB3E5B0310}.Debug|Any CPU.ActiveCfg = Debug|Any CPU
		{AECBE896-E3F6-4177-AC4D-FDCB3E5B0310}.Debug|Any CPU.Build.0 = Debug|Any CPU
		{AECBE896-E3F6-4177-AC4D-FDCB3E5B0310}.Release|Any CPU.ActiveCfg = Release|Any CPU
		{AECBE896-E3F6-4177-AC4D-FDCB3E5B0310}.Release|Any CPU.Build.0 = Release|Any CPU
		{0A5120C4-1D54-4635-AA85-1B7F571A26C5}.Debug|Any CPU.ActiveCfg = Debug|Any CPU
		{0A5120C4-1D54-4635-AA85-1B7F571A26C5}.Debug|Any CPU.Build.0 = Debug|Any CPU
		{0A5120C4-1D54-4635-AA85-1B7F571A26C5}.Release|Any CPU.ActiveCfg = Release|Any CPU
		{0A5120C4-1D54-4635-AA85-1B7F571A26C5}.Release|Any CPU.Build.0 = Release|Any CPU
	EndGlobalSection
	GlobalSection(SolutionProperties) = preSolution
		HideSolutionNode = FALSE
	EndGlobalSection
	GlobalSection(ExtensibilityGlobals) = postSolution
		SolutionGuid = {7E8B1CE3-8A08-43E6-A209-177BA036E5EB}
	EndGlobalSection
EndGlobal
